
Microsoft Visual Studio Solution File, Format Version 12.00
# Visual Studio 14
VisualStudioVersion = 14.0.25420.1
MinimumVisualStudioVersion = 10.0.40219.1
Project("{FAE04EC0-301F-11D3-BF4B-00C04F79EFBC}") = "ApiTemplateCreator", "ApiTemplateCreator\ApiTemplateCreator.csproj", "{B20B52DA-7B99-4F3F-9804-9BC6429524A6}"
EndProject
Global
	GlobalSection(SolutionConfigurationPlatforms) = preSolution
		Debug|Any CPU = Debug|Any CPU
		Release|Any CPU = Release|Any CPU
	EndGlobalSection
	GlobalSection(ProjectConfigurationPlatforms) = postSolution
		{B20B52DA-7B99-4F3F-9804-9BC6429524A6}.Debug|Any CPU.ActiveCfg = Debug|Any CPU
		{B20B52DA-7B99-4F3F-9804-9BC6429524A6}.Debug|Any CPU.Build.0 = Debug|Any CPU
		{B20B52DA-7B99-4F3F-9804-9BC6429524A6}.Release|Any CPU.ActiveCfg = Release|Any CPU
		{B20B52DA-7B99-4F3F-9804-9BC6429524A6}.Release|Any CPU.Build.0 = Release|Any CPU
	EndGlobalSection
	GlobalSection(SolutionProperties) = preSolution
		HideSolutionNode = FALSE
	EndGlobalSection
EndGlobal
